
Microsoft Visual Studio Solution File, Format Version 12.00
# Visual Studio Version 17
VisualStudioVersion = 17.4.33213.308
MinimumVisualStudioVersion = 10.0.40219.1
Project("{FAE04EC0-301F-11D3-BF4B-00C04F79EFBC}") = "Palindrome Integers", "Palindrome Integers\Palindrome Integers.csproj", "{D67026CA-990F-4A6A-B99E-92E7E06A0F89}"
EndProject
Global
	GlobalSection(SolutionConfigurationPlatforms) = preSolution
		Debug|Any CPU = Debug|Any CPU
		Release|Any CPU = Release|Any CPU
	EndGlobalSection
	GlobalSection(ProjectConfigurationPlatforms) = postSolution
		{D67026CA-990F-4A6A-B99E-92E7E06A0F89}.Debug|Any CPU.ActiveCfg = Debug|Any CPU
		{D67026CA-990F-4A6A-B99E-92E7E06A0F89}.Debug|Any CPU.Build.0 = Debug|Any CPU
		{D67026CA-990F-4A6A-B99E-92E7E06A0F89}.Release|Any CPU.ActiveCfg = Release|Any CPU
		{D67026CA-990F-4A6A-B99E-92E7E06A0F89}.Release|Any CPU.Build.0 = Release|Any CPU
	EndGlobalSection
	GlobalSection(SolutionProperties) = preSolution
		HideSolutionNode = FALSE
	EndGlobalSection
	GlobalSection(ExtensibilityGlobals) = postSolution
		SolutionGuid = {B307D981-D783-419F-A9E8-11FD25A9D7FC}
	EndGlobalSection
EndGlobal
