
Microsoft Visual Studio Solution File, Format Version 12.00
# Visual Studio Version 17
VisualStudioVersion = 17.4.33213.308
MinimumVisualStudioVersion = 10.0.40219.1
Project("{FAE04EC0-301F-11D3-BF4B-00C04F79EFBC}") = "Middle Characters", "Middle Characters\Middle Characters.csproj", "{09436FBE-99F0-4F7C-B351-108054EFF398}"
EndProject
Global
	GlobalSection(SolutionConfigurationPlatforms) = preSolution
		Debug|Any CPU = Debug|Any CPU
		Release|Any CPU = Release|Any CPU
	EndGlobalSection
	GlobalSection(ProjectConfigurationPlatforms) = postSolution
		{09436FBE-99F0-4F7C-B351-108054EFF398}.Debug|Any CPU.ActiveCfg = Debug|Any CPU
		{09436FBE-99F0-4F7C-B351-108054EFF398}.Debug|Any CPU.Build.0 = Debug|Any CPU
		{09436FBE-99F0-4F7C-B351-108054EFF398}.Release|Any CPU.ActiveCfg = Release|Any CPU
		{09436FBE-99F0-4F7C-B351-108054EFF398}.Release|Any CPU.Build.0 = Release|Any CPU
	EndGlobalSection
	GlobalSection(SolutionProperties) = preSolution
		HideSolutionNode = FALSE
	EndGlobalSection
	GlobalSection(ExtensibilityGlobals) = postSolution
		SolutionGuid = {8B3DD294-72DA-42DD-96FB-FE1F1929E92F}
	EndGlobalSection
EndGlobal
