
Microsoft Visual Studio Solution File, Format Version 12.00
# Visual Studio Version 17
VisualStudioVersion = 17.4.33213.308
MinimumVisualStudioVersion = 10.0.40219.1
Project("{FAE04EC0-301F-11D3-BF4B-00C04F79EFBC}") = "Array Manipulator", "Array Manipulator\Array Manipulator.csproj", "{129CB6D1-175F-4A76-BFC2-429921BD2ACF}"
EndProject
Global
	GlobalSection(SolutionConfigurationPlatforms) = preSolution
		Debug|Any CPU = Debug|Any CPU
		Release|Any CPU = Release|Any CPU
	EndGlobalSection
	GlobalSection(ProjectConfigurationPlatforms) = postSolution
		{129CB6D1-175F-4A76-BFC2-429921BD2ACF}.Debug|Any CPU.ActiveCfg = Debug|Any CPU
		{129CB6D1-175F-4A76-BFC2-429921BD2ACF}.Debug|Any CPU.Build.0 = Debug|Any CPU
		{129CB6D1-175F-4A76-BFC2-429921BD2ACF}.Release|Any CPU.ActiveCfg = Release|Any CPU
		{129CB6D1-175F-4A76-BFC2-429921BD2ACF}.Release|Any CPU.Build.0 = Release|Any CPU
	EndGlobalSection
	GlobalSection(SolutionProperties) = preSolution
		HideSolutionNode = FALSE
	EndGlobalSection
	GlobalSection(ExtensibilityGlobals) = postSolution
		SolutionGuid = {71713A1F-5E72-4533-B45B-C9B9971A4558}
	EndGlobalSection
EndGlobal
